
Microsoft Visual Studio Solution File, Format Version 12.00
# Visual Studio Version 17
VisualStudioVersion = 17.1.32210.238
MinimumVisualStudioVersion = 10.0.40219.1
Project("{9A19103F-16F7-4668-BE54-9A1E7A4F7556}") = "FilesManagement", "FilesManagement\FilesManagement.csproj", "{ADB05198-AA4A-4B1E-8892-487CEB51E144}"
EndProject
Project("{2150E333-8FDC-42A3-9474-1A3956D46DE8}") = "Modules", "Modules", "{D8A4C467-727F-4B01-B2A6-3F6A6ADD7585}"
EndProject
Project("{2150E333-8FDC-42A3-9474-1A3956D46DE8}") = "Identity", "Identity", "{1AE47567-29E5-43A7-9ECB-E1E4909CAB79}"
EndProject
Project("{9A19103F-16F7-4668-BE54-9A1E7A4F7556}") = "Identity.Domain", "Identity.Domain\Identity.Domain.csproj", "{8800A250-B329-4141-A0B3-A0078405C3A9}"
EndProject
Project("{9A19103F-16F7-4668-BE54-9A1E7A4F7556}") = "Identity.Application", "Identity.Application\Identity.Application.csproj", "{43ADB9C6-7E60-4245-892E-90A1F899EEB5}"
EndProject
Project("{9A19103F-16F7-4668-BE54-9A1E7A4F7556}") = "Identity.Infra", "Identity.Infra\Identity.Infra.csproj", "{CB0558B8-05FD-4F30-8D9D-5FD630404774}"
EndProject
Project("{2150E333-8FDC-42A3-9474-1A3956D46DE8}") = "FilesManagement.Core", "FilesManagement.Core", "{B78D4748-974A-4D77-8252-B46146EAD301}"
EndProject
Project("{9A19103F-16F7-4668-BE54-9A1E7A4F7556}") = "FilesManagement.Core.Domain", "FilesManagement.Core.Domain\FilesManagement.Core.Domain.csproj", "{317005E0-F36A-4A3B-AA29-E27C639C0B44}"
EndProject
Project("{9A19103F-16F7-4668-BE54-9A1E7A4F7556}") = "FilesManagement.Core.Infra", "FilesManagement.Core.Infra\FilesManagement.Core.Infra.csproj", "{3216006C-FD8C-45EC-AB36-D35798059A4C}"
EndProject
Project("{9A19103F-16F7-4668-BE54-9A1E7A4F7556}") = "FilesManagement.Core.Application", "FilesManagement.Core,Application\FilesManagement.Core.Application.csproj", "{0E8FAD74-B379-4A08-A08F-E11875FB4811}"
EndProject
Project("{FAE04EC0-301F-11D3-BF4B-00C04F79EFBC}") = "FilesManagement.Common.Infra", "FilesManagement.Common.Infra\FilesManagement.Common.Infra.csproj", "{615131A7-57CD-404B-9654-43B27CAFE7DD}"
EndProject
Project("{FAE04EC0-301F-11D3-BF4B-00C04F79EFBC}") = "FilesManagement.Common.Application", "FilesManagement.Common.Application\FilesManagement.Common.Application.csproj", "{FDD4C255-19B3-4B89-9C46-0554CD914D89}"
EndProject
Project("{FAE04EC0-301F-11D3-BF4B-00C04F79EFBC}") = "FilesManagement.Core.Tests", "FilesManagement.Core.Tests\FilesManagement.Core.Tests.csproj", "{AD9A2ED7-DD6B-441B-A90C-92640E7B6382}"
EndProject
Project("{FAE04EC0-301F-11D3-BF4B-00C04F79EFBC}") = "Identity.Tests", "Identity.Tests\Identity.Tests.csproj", "{2942C9C4-E4D5-4E83-AF9E-05F88EF350C4}"
EndProject
Global
	GlobalSection(SolutionConfigurationPlatforms) = preSolution
		Debug|Any CPU = Debug|Any CPU
		Release|Any CPU = Release|Any CPU
	EndGlobalSection
	GlobalSection(ProjectConfigurationPlatforms) = postSolution
		{ADB05198-AA4A-4B1E-8892-487CEB51E144}.Debug|Any CPU.ActiveCfg = Debug|Any CPU
		{ADB05198-AA4A-4B1E-8892-487CEB51E144}.Debug|Any CPU.Build.0 = Debug|Any CPU
		{ADB05198-AA4A-4B1E-8892-487CEB51E144}.Release|Any CPU.ActiveCfg = Release|Any CPU
		{ADB05198-AA4A-4B1E-8892-487CEB51E144}.Release|Any CPU.Build.0 = Release|Any CPU
		{8800A250-B329-4141-A0B3-A0078405C3A9}.Debug|Any CPU.ActiveCfg = Debug|Any CPU
		{8800A250-B329-4141-A0B3-A0078405C3A9}.Debug|Any CPU.Build.0 = Debug|Any CPU
		{8800A250-B329-4141-A0B3-A0078405C3A9}.Release|Any CPU.ActiveCfg = Release|Any CPU
		{8800A250-B329-4141-A0B3-A0078405C3A9}.Release|Any CPU.Build.0 = Release|Any CPU
		{43ADB9C6-7E60-4245-892E-90A1F899EEB5}.Debug|Any CPU.ActiveCfg = Debug|Any CPU
		{43ADB9C6-7E60-4245-892E-90A1F899EEB5}.Debug|Any CPU.Build.0 = Debug|Any CPU
		{43ADB9C6-7E60-4245-892E-90A1F899EEB5}.Release|Any CPU.ActiveCfg = Release|Any CPU
		{43ADB9C6-7E60-4245-892E-90A1F899EEB5}.Release|Any CPU.Build.0 = Release|Any CPU
		{CB0558B8-05FD-4F30-8D9D-5FD630404774}.Debug|Any CPU.ActiveCfg = Debug|Any CPU
		{CB0558B8-05FD-4F30-8D9D-5FD630404774}.Debug|Any CPU.Build.0 = Debug|Any CPU
		{CB0558B8-05FD-4F30-8D9D-5FD630404774}.Release|Any CPU.ActiveCfg = Release|Any CPU
		{CB0558B8-05FD-4F30-8D9D-5FD630404774}.Release|Any CPU.Build.0 = Release|Any CPU
		{317005E0-F36A-4A3B-AA29-E27C639C0B44}.Debug|Any CPU.ActiveCfg = Debug|Any CPU
		{317005E0-F36A-4A3B-AA29-E27C639C0B44}.Debug|Any CPU.Build.0 = Debug|Any CPU
		{317005E0-F36A-4A3B-AA29-E27C639C0B44}.Release|Any CPU.ActiveCfg = Release|Any CPU
		{317005E0-F36A-4A3B-AA29-E27C639C0B44}.Release|Any CPU.Build.0 = Release|Any CPU
		{3216006C-FD8C-45EC-AB36-D35798059A4C}.Debug|Any CPU.ActiveCfg = Debug|Any CPU
		{3216006C-FD8C-45EC-AB36-D35798059A4C}.Debug|Any CPU.Build.0 = Debug|Any CPU
		{3216006C-FD8C-45EC-AB36-D35798059A4C}.Release|Any CPU.ActiveCfg = Release|Any CPU
		{3216006C-FD8C-45EC-AB36-D35798059A4C}.Release|Any CPU.Build.0 = Release|Any CPU
		{0E8FAD74-B379-4A08-A08F-E11875FB4811}.Debug|Any CPU.ActiveCfg = Debug|Any CPU
		{0E8FAD74-B379-4A08-A08F-E11875FB4811}.Debug|Any CPU.Build.0 = Debug|Any CPU
		{0E8FAD74-B379-4A08-A08F-E11875FB4811}.Release|Any CPU.ActiveCfg = Release|Any CPU
		{0E8FAD74-B379-4A08-A08F-E11875FB4811}.Release|Any CPU.Build.0 = Release|Any CPU
		{615131A7-57CD-404B-9654-43B27CAFE7DD}.Debug|Any CPU.ActiveCfg = Debug|Any CPU
		{615131A7-57CD-404B-9654-43B27CAFE7DD}.Debug|Any CPU.Build.0 = Debug|Any CPU
		{615131A7-57CD-404B-9654-43B27CAFE7DD}.Release|Any CPU.ActiveCfg = Release|Any CPU
		{615131A7-57CD-404B-9654-43B27CAFE7DD}.Release|Any CPU.Build.0 = Release|Any CPU
		{FDD4C255-19B3-4B89-9C46-0554CD914D89}.Debug|Any CPU.ActiveCfg = Debug|Any CPU
		{FDD4C255-19B3-4B89-9C46-0554CD914D89}.Debug|Any CPU.Build.0 = Debug|Any CPU
		{FDD4C255-19B3-4B89-9C46-0554CD914D89}.Release|Any CPU.ActiveCfg = Release|Any CPU
		{FDD4C255-19B3-4B89-9C46-0554CD914D89}.Release|Any CPU.Build.0 = Release|Any CPU
		{AD9A2ED7-DD6B-441B-A90C-92640E7B6382}.Debug|Any CPU.ActiveCfg = Debug|Any CPU
		{AD9A2ED7-DD6B-441B-A90C-92640E7B6382}.Debug|Any CPU.Build.0 = Debug|Any CPU
		{AD9A2ED7-DD6B-441B-A90C-92640E7B6382}.Release|Any CPU.ActiveCfg = Release|Any CPU
		{AD9A2ED7-DD6B-441B-A90C-92640E7B6382}.Release|Any CPU.Build.0 = Release|Any CPU
		{2942C9C4-E4D5-4E83-AF9E-05F88EF350C4}.Debug|Any CPU.ActiveCfg = Debug|Any CPU
		{2942C9C4-E4D5-4E83-AF9E-05F88EF350C4}.Debug|Any CPU.Build.0 = Debug|Any CPU
		{2942C9C4-E4D5-4E83-AF9E-05F88EF350C4}.Release|Any CPU.ActiveCfg = Release|Any CPU
		{2942C9C4-E4D5-4E83-AF9E-05F88EF350C4}.Release|Any CPU.Build.0 = Release|Any CPU
	EndGlobalSection
	GlobalSection(SolutionProperties) = preSolution
		HideSolutionNode = FALSE
	EndGlobalSection
	GlobalSection(NestedProjects) = preSolution
		{1AE47567-29E5-43A7-9ECB-E1E4909CAB79} = {D8A4C467-727F-4B01-B2A6-3F6A6ADD7585}
		{8800A250-B329-4141-A0B3-A0078405C3A9} = {1AE47567-29E5-43A7-9ECB-E1E4909CAB79}
		{43ADB9C6-7E60-4245-892E-90A1F899EEB5} = {1AE47567-29E5-43A7-9ECB-E1E4909CAB79}
		{CB0558B8-05FD-4F30-8D9D-5FD630404774} = {1AE47567-29E5-43A7-9ECB-E1E4909CAB79}
		{B78D4748-974A-4D77-8252-B46146EAD301} = {D8A4C467-727F-4B01-B2A6-3F6A6ADD7585}
		{317005E0-F36A-4A3B-AA29-E27C639C0B44} = {B78D4748-974A-4D77-8252-B46146EAD301}
		{3216006C-FD8C-45EC-AB36-D35798059A4C} = {B78D4748-974A-4D77-8252-B46146EAD301}
		{0E8FAD74-B379-4A08-A08F-E11875FB4811} = {B78D4748-974A-4D77-8252-B46146EAD301}
		{AD9A2ED7-DD6B-441B-A90C-92640E7B6382} = {B78D4748-974A-4D77-8252-B46146EAD301}
		{2942C9C4-E4D5-4E83-AF9E-05F88EF350C4} = {1AE47567-29E5-43A7-9ECB-E1E4909CAB79}
	EndGlobalSection
	GlobalSection(ExtensibilityGlobals) = postSolution
		SolutionGuid = {9BF9474B-3E96-4BD8-9AE4-6CB4DCAB649E}
	EndGlobalSection
EndGlobal
